
Microsoft Visual Studio Solution File, Format Version 12.00
# Visual Studio Version 17
VisualStudioVersion = 17.8.34525.116
MinimumVisualStudioVersion = 10.0.40219.1
Project("{9A19103F-16F7-4668-BE54-9A1E7A4F7556}") = "WebAPI", "WebAPI\WebAPI.csproj", "{8163764D-A6AE-49F5-A034-56CB066D3969}"
EndProject
Project("{9A19103F-16F7-4668-BE54-9A1E7A4F7556}") = "Infrastructure", "Infrastructure\Infrastructure.csproj", "{2341516D-9FA1-4416-9897-5715829CD23A}"
	ProjectSection(ProjectDependencies) = postProject
		{AEEF82A4-916F-499C-9C0C-65D547CD8369} = {AEEF82A4-916F-499C-9C0C-65D547CD8369}
	EndProjectSection
EndProject
Project("{9A19103F-16F7-4668-BE54-9A1E7A4F7556}") = "Domain", "Domain\Domain.csproj", "{AEEF82A4-916F-499C-9C0C-65D547CD8369}"
EndProject
Global
	GlobalSection(SolutionConfigurationPlatforms) = preSolution
		Debug|Any CPU = Debug|Any CPU
		Release|Any CPU = Release|Any CPU
	EndGlobalSection
	GlobalSection(ProjectConfigurationPlatforms) = postSolution
		{8163764D-A6AE-49F5-A034-56CB066D3969}.Debug|Any CPU.ActiveCfg = Debug|Any CPU
		{8163764D-A6AE-49F5-A034-56CB066D3969}.Debug|Any CPU.Build.0 = Debug|Any CPU
		{8163764D-A6AE-49F5-A034-56CB066D3969}.Release|Any CPU.ActiveCfg = Release|Any CPU
		{8163764D-A6AE-49F5-A034-56CB066D3969}.Release|Any CPU.Build.0 = Release|Any CPU
		{2341516D-9FA1-4416-9897-5715829CD23A}.Debug|Any CPU.ActiveCfg = Debug|Any CPU
		{2341516D-9FA1-4416-9897-5715829CD23A}.Debug|Any CPU.Build.0 = Debug|Any CPU
		{2341516D-9FA1-4416-9897-5715829CD23A}.Release|Any CPU.ActiveCfg = Release|Any CPU
		{2341516D-9FA1-4416-9897-5715829CD23A}.Release|Any CPU.Build.0 = Release|Any CPU
		{AEEF82A4-916F-499C-9C0C-65D547CD8369}.Debug|Any CPU.ActiveCfg = Debug|Any CPU
		{AEEF82A4-916F-499C-9C0C-65D547CD8369}.Debug|Any CPU.Build.0 = Debug|Any CPU
		{AEEF82A4-916F-499C-9C0C-65D547CD8369}.Release|Any CPU.ActiveCfg = Release|Any CPU
		{AEEF82A4-916F-499C-9C0C-65D547CD8369}.Release|Any CPU.Build.0 = Release|Any CPU
	EndGlobalSection
	GlobalSection(SolutionProperties) = preSolution
		HideSolutionNode = FALSE
	EndGlobalSection
	GlobalSection(ExtensibilityGlobals) = postSolution
		SolutionGuid = {E7862EE9-5530-4EFC-96BA-9D6C26D8B39A}
	EndGlobalSection
EndGlobal
